// !$*UTF8*$!
{
	archiveVersion = 1;
	classes = {
	};
	objectVersion = 77;
	objects = {

/* Begin PBXBuildFile section */
		11D731B33E9C7DE848589999 /* Assets.xcassets in Resources */ = {isa = PBXBuildFile; fileRef = D28F4DE09ADED88E19075522 /* Assets.xcassets */; };
		2F8EFBCB22FF27C4B61449DB /* reviews.json in Resources */ = {isa = PBXBuildFile; fileRef = 43C2215E8F5BD484A2ACBDE8 /* reviews.json */; };
		3B4A40E78AF3CD83AFB8BB53 /* LaunchScreen.storyboard in Resources */ = {isa = PBXBuildFile; fileRef = 7538DB491ADFAC279746DE1C /* LaunchScreen.storyboard */; };
		6E9A9CAA3EAE26E600A56F98 /* AppShell in Frameworks */ = {isa = PBXBuildFile; productRef = 41EAF112B635B0F638C82AC1 /* AppShell */; };
		C21BF0BD13CEF6E1687A5D87 /* kindergartens.json in Resources */ = {isa = PBXBuildFile; fileRef = 35428D688B8EE0590B8914FC /* kindergartens.json */; };
		EC743E9EFFC6BB7CAD5D32B4 /* WhereKindergartenNativeHostApp.swift in Sources */ = {isa = PBXBuildFile; fileRef = 6C677919E47B35DA97754F1F /* WhereKindergartenNativeHostApp.swift */; };
		F4C2954BA9320C7419680B12 /* vacancy.json in Resources */ = {isa = PBXBuildFile; fileRef = 614B734E74A5B7BDBEA8C104 /* vacancy.json */; };
/* End PBXBuildFile section */

/* Begin PBXFileReference section */
		0D2C57622F53A73CECF46A59 /* NativeApp */ = {isa = PBXFileReference; lastKnownFileType = folder; name = NativeApp; path = ../NativeApp; sourceTree = SOURCE_ROOT; };
		35428D688B8EE0590B8914FC /* kindergartens.json */ = {isa = PBXFileReference; lastKnownFileType = text.json; name = kindergartens.json; path = ../../../public/data/kindergartens.json; sourceTree = "<group>"; };
		3FCECE0A46E3B97EC9E75983 /* inject_kakao_keys.sh */ = {isa = PBXFileReference; lastKnownFileType = text.script.sh; path = inject_kakao_keys.sh; sourceTree = "<group>"; };
		43C2215E8F5BD484A2ACBDE8 /* reviews.json */ = {isa = PBXFileReference; lastKnownFileType = text.json; name = reviews.json; path = ../../../public/data/reviews.json; sourceTree = "<group>"; };
		5882C84991C544378008A018 /* KakaoKeys.local.xcconfig */ = {isa = PBXFileReference; lastKnownFileType = text.xcconfig; path = KakaoKeys.local.xcconfig; sourceTree = "<group>"; };
		614B734E74A5B7BDBEA8C104 /* vacancy.json */ = {isa = PBXFileReference; lastKnownFileType = text.json; name = vacancy.json; path = ../../../public/data/vacancy.json; sourceTree = "<group>"; };
		6C677919E47B35DA97754F1F /* WhereKindergartenNativeHostApp.swift */ = {isa = PBXFileReference; lastKnownFileType = sourcecode.swift; path = WhereKindergartenNativeHostApp.swift; sourceTree = "<group>"; };
		9C3128356D85B9C9F84A37DA /* Base */ = {isa = PBXFileReference; lastKnownFileType = file.storyboard; name = Base; path = Base.lproj/LaunchScreen.storyboard; sourceTree = "<group>"; };
		C2FB5FFA17846B54A8199A40 /* WhereKindergartenNative.app */ = {isa = PBXFileReference; includeInIndex = 0; lastKnownFileType = wrapper.application; path = WhereKindergartenNative.app; sourceTree = BUILT_PRODUCTS_DIR; };
		C8E16FB563928C2F7D96A79E /* KakaoKeys.example.xcconfig */ = {isa = PBXFileReference; lastKnownFileType = text.xcconfig; path = KakaoKeys.example.xcconfig; sourceTree = "<group>"; };
		D28F4DE09ADED88E19075522 /* Assets.xcassets */ = {isa = PBXFileReference; lastKnownFileType = folder.assetcatalog; path = Assets.xcassets; sourceTree = "<group>"; };
		E49744D980789CA185FFB382 /* WhereKindergartenNative.xcconfig */ = {isa = PBXFileReference; lastKnownFileType = text.xcconfig; path = WhereKindergartenNative.xcconfig; sourceTree = "<group>"; };
/* End PBXFileReference section */

/* Begin PBXFrameworksBuildPhase section */
		6133C5DC019C711AFC0B0FE5 /* Frameworks */ = {
			isa = PBXFrameworksBuildPhase;
			buildActionMask = 2147483647;
			files = (
				6E9A9CAA3EAE26E600A56F98 /* AppShell in Frameworks */,
			);
			runOnlyForDeploymentPostprocessing = 0;
		};
/* End PBXFrameworksBuildPhase section */

/* Begin PBXGroup section */
		02B0354592B2891DB7E86425 /* App */ = {
			isa = PBXGroup;
			children = (
				55A78FEC9157F220DE617532 /* App */,
			);
			path = App;
			sourceTree = "<group>";
		};
		4B881123B4A59183867576F7 /* Packages */ = {
			isa = PBXGroup;
			children = (
				0D2C57622F53A73CECF46A59 /* NativeApp */,
			);
			name = Packages;
			sourceTree = "<group>";
		};
		55A78FEC9157F220DE617532 /* App */ = {
			isa = PBXGroup;
			children = (
				D28F4DE09ADED88E19075522 /* Assets.xcassets */,
			);
			path = App;
			sourceTree = "<group>";
		};
		594615B87801135194FB99CF /* Products */ = {
			isa = PBXGroup;
			children = (
				C2FB5FFA17846B54A8199A40 /* WhereKindergartenNative.app */,
			);
			name = Products;
			sourceTree = "<group>";
		};
		5C1565DEF9AA12B1087CCEEE /* Resources */ = {
			isa = PBXGroup;
			children = (
				7538DB491ADFAC279746DE1C /* LaunchScreen.storyboard */,
				EBC01A2A8E7CA59198A21B5F /* Data */,
			);
			path = Resources;
			sourceTree = "<group>";
		};
		5C244F8C4272AA666E83E370 /* Sources */ = {
			isa = PBXGroup;
			children = (
				6C677919E47B35DA97754F1F /* WhereKindergartenNativeHostApp.swift */,
			);
			path = Sources;
			sourceTree = "<group>";
		};
		6DE77AFD0F31F0C7BF5A29FF /* Scripts */ = {
			isa = PBXGroup;
			children = (
				3FCECE0A46E3B97EC9E75983 /* inject_kakao_keys.sh */,
			);
			path = Scripts;
			sourceTree = "<group>";
		};
		910DD70A1B98A8662D8FD12A /* ios */ = {
			isa = PBXGroup;
			children = (
				02B0354592B2891DB7E86425 /* App */,
			);
			name = ios;
			path = ..;
			sourceTree = "<group>";
		};
		DC6EBACDE3417AE0316182AA /* Config */ = {
			isa = PBXGroup;
			children = (
				C8E16FB563928C2F7D96A79E /* KakaoKeys.example.xcconfig */,
				5882C84991C544378008A018 /* KakaoKeys.local.xcconfig */,
				E49744D980789CA185FFB382 /* WhereKindergartenNative.xcconfig */,
			);
			path = Config;
			sourceTree = "<group>";
		};
		EBC01A2A8E7CA59198A21B5F /* Data */ = {
			isa = PBXGroup;
			children = (
				35428D688B8EE0590B8914FC /* kindergartens.json */,
				43C2215E8F5BD484A2ACBDE8 /* reviews.json */,
				614B734E74A5B7BDBEA8C104 /* vacancy.json */,
			);
			name = Data;
			sourceTree = "<group>";
		};
		F3E69CA0CFB46F897F4F6E30 = {
			isa = PBXGroup;
			children = (
				DC6EBACDE3417AE0316182AA /* Config */,
				910DD70A1B98A8662D8FD12A /* ios */,
				4B881123B4A59183867576F7 /* Packages */,
				5C1565DEF9AA12B1087CCEEE /* Resources */,
				6DE77AFD0F31F0C7BF5A29FF /* Scripts */,
				5C244F8C4272AA666E83E370 /* Sources */,
				594615B87801135194FB99CF /* Products */,
			);
			sourceTree = "<group>";
		};
/* End PBXGroup section */

/* Begin PBXNativeTarget section */
		5667C77232876B6DB901884A /* WhereKindergartenNative */ = {
			isa = PBXNativeTarget;
			buildConfigurationList = 31136805B9937407D49EE09C /* Build configuration list for PBXNativeTarget "WhereKindergartenNative" */;
			buildPhases = (
				C1BAB1467DCB3F0462055A9C /* Sources */,
				10A46C1DD5054FC2881C4E40 /* Resources */,
				6133C5DC019C711AFC0B0FE5 /* Frameworks */,
				130294355152876847A5481F /* Inject Kakao Keys */,
			);
			buildRules = (
			);
			dependencies = (
			);
			name = WhereKindergartenNative;
			packageProductDependencies = (
				41EAF112B635B0F638C82AC1 /* AppShell */,
			);
			productName = WhereKindergartenNative;
			productReference = C2FB5FFA17846B54A8199A40 /* WhereKindergartenNative.app */;
			productType = "com.apple.product-type.application";
		};
/* End PBXNativeTarget section */

/* Begin PBXProject section */
		F03EF1F8EE01311ACAA16BBE /* Project object */ = {
			isa = PBXProject;
			attributes = {
				BuildIndependentTargetsInParallel = YES;
				LastUpgradeCheck = 1430;
				TargetAttributes = {
					5667C77232876B6DB901884A = {
						DevelopmentTeam = D48DDX5D5W;
						ProvisioningStyle = Automatic;
					};
				};
			};
			buildConfigurationList = A6EE24140483066B5EDC5C36 /* Build configuration list for PBXProject "WhereKindergartenNative" */;
			compatibilityVersion = "Xcode 14.0";
			developmentRegion = en;
			hasScannedForEncodings = 0;
			knownRegions = (
				Base,
				en,
			);
			mainGroup = F3E69CA0CFB46F897F4F6E30;
			minimizedProjectReferenceProxies = 1;
			packageReferences = (
				9C00BD24812F2349CF260C84 /* XCLocalSwiftPackageReference "../NativeApp" */,
			);
			preferredProjectObjectVersion = 77;
			projectDirPath = "";
			projectRoot = "";
			targets = (
				5667C77232876B6DB901884A /* WhereKindergartenNative */,
			);
		};
/* End PBXProject section */

/* Begin PBXResourcesBuildPhase section */
		10A46C1DD5054FC2881C4E40 /* Resources */ = {
			isa = PBXResourcesBuildPhase;
			buildActionMask = 2147483647;
			files = (
				11D731B33E9C7DE848589999 /* Assets.xcassets in Resources */,
				3B4A40E78AF3CD83AFB8BB53 /* LaunchScreen.storyboard in Resources */,
				C21BF0BD13CEF6E1687A5D87 /* kindergartens.json in Resources */,
				2F8EFBCB22FF27C4B61449DB /* reviews.json in Resources */,
				F4C2954BA9320C7419680B12 /* vacancy.json in Resources */,
			);
			runOnlyForDeploymentPostprocessing = 0;
		};
/* End PBXResourcesBuildPhase section */

/* Begin PBXShellScriptBuildPhase section */
		130294355152876847A5481F /* Inject Kakao Keys */ = {
			isa = PBXShellScriptBuildPhase;
			alwaysOutOfDate = 1;
			buildActionMask = 2147483647;
			files = (
			);
			inputFileListPaths = (
			);
			inputPaths = (
			);
			name = "Inject Kakao Keys";
			outputFileListPaths = (
			);
			outputPaths = (
			);
			runOnlyForDeploymentPostprocessing = 0;
			shellPath = /bin/sh;
			shellScript = "#!/bin/sh\nset -eu\n\nPROJECT_DIR=\"$(CDPATH= cd -- \"$(dirname \"$0\")/..\" && pwd)\"\nLOCAL_CONFIG=\"${PROJECT_DIR}/Config/KakaoKeys.local.xcconfig\"\nSHARED_CONFIG=\"${HOME}/.config/where-kindergarten/KakaoKeys.local.xcconfig\"\nINFO_PLIST=\"${TARGET_BUILD_DIR}/${INFOPLIST_PATH}\"\nPLIST_BUDDY=\"/usr/libexec/PlistBuddy\"\n\nnormalize_value() {\n    printf '%s' \"$1\" | sed -e 's/^[[:space:]]*//' -e 's/[[:space:]]*$//'\n}\n\nis_resolved_value() {\n    value=\"$(normalize_value \"$1\")\"\n    case \"$value\" in\n        \"\"|'$('*)\n            return 1\n            ;;\n        *)\n            return 0\n            ;;\n    esac\n}\n\nread_config_value() {\n    config_path=\"$1\"\n    key=\"$2\"\n\n    [ -f \"$config_path\" ] || return 1\n\n    raw_value=\"$(awk -F= -v key=\"$key\" '\n        $0 ~ \"^[[:space:]]*\" key \"[[:space:]]*=\" {\n            sub(/^[^=]*=/, \"\", $0)\n            print\n            exit\n        }\n    ' \"$config_path\")\"\n    value=\"$(normalize_value \"$raw_value\")\"\n    value=\"${value#\\\"}\"\n    value=\"${value%\\\"}\"\n\n    is_resolved_value \"$value\" || return 1\n    printf '%s' \"$value\"\n}\n\nread_plist_value() {\n    key_path=\"$1\"\n    raw_value=\"$(\"$PLIST_BUDDY\" -c \"Print ${key_path}\" \"$INFO_PLIST\" 2>/dev/null || true)\"\n    value=\"$(normalize_value \"$raw_value\")\"\n\n    is_resolved_value \"$value\" || return 1\n    printf '%s' \"$value\"\n}\n\nset_plist_string() {\n    key_path=\"$1\"\n    value=\"$2\"\n\n    if \"$PLIST_BUDDY\" -c \"Set ${key_path} ${value}\" \"$INFO_PLIST\" >/dev/null 2>&1; then\n        return 0\n    fi\n\n    \"$PLIST_BUDDY\" -c \"Add ${key_path} string ${value}\" \"$INFO_PLIST\" >/dev/null\n}\n\ndelete_plist_key() {\n    key_path=\"$1\"\n    \"$PLIST_BUDDY\" -c \"Delete ${key_path}\" \"$INFO_PLIST\" >/dev/null 2>&1 || true\n}\n\nconfig_has_resolved_key() {\n    config_path=\"$1\"\n\n    read_config_value \"$config_path\" \"WK_KAKAO_NATIVE_APP_KEY\" >/dev/null 2>&1 \\\n        || read_config_value \"$config_path\" \"WK_KAKAO_REST_API_KEY\" >/dev/null 2>&1\n}\n\nselected_source=\"\"\nselected_source_label=\"\"\n\nif config_has_resolved_key \"$LOCAL_CONFIG\"; then\n    selected_source=\"$LOCAL_CONFIG\"\n    selected_source_label=\"worktree-local\"\nelif config_has_resolved_key \"$SHARED_CONFIG\"; then\n    selected_source=\"$SHARED_CONFIG\"\n    selected_source_label=\"shared-global\"\nfi\n\napp_key=\"\"\nrest_key=\"\"\n\nif [ -n \"$selected_source\" ]; then\n    app_key=\"$(read_config_value \"$selected_source\" \"WK_KAKAO_NATIVE_APP_KEY\" 2>/dev/null || true)\"\n    rest_key=\"$(read_config_value \"$selected_source\" \"WK_KAKAO_REST_API_KEY\" 2>/dev/null || true)\"\nfi\n\nif [ -z \"$app_key\" ]; then\n    app_key=\"$(read_plist_value \":KAKAO_NATIVE_APP_KEY\" 2>/dev/null || true)\"\nfi\n\nif [ -z \"$rest_key\" ]; then\n    rest_key=\"$(read_plist_value \":KAKAO_REST_API_KEY\" 2>/dev/null || true)\"\nfi\n\nif [ -z \"$selected_source_label\" ] && { [ -n \"$app_key\" ] || [ -n \"$rest_key\" ]; }; then\n    selected_source_label=\"build-settings\"\nfi\n\nif [ -n \"$app_key\" ]; then\n    set_plist_string \":KAKAO_NATIVE_APP_KEY\" \"$app_key\"\n    set_plist_string \":CFBundleURLTypes:1:CFBundleURLSchemes:0\" \"kakao${app_key}\"\nfi\n\nif [ -n \"$rest_key\" ]; then\n    set_plist_string \":KAKAO_REST_API_KEY\" \"$rest_key\"\nfi\n\nif [ -n \"$selected_source_label\" ]; then\n    set_plist_string \":KAKAO_CONFIG_SOURCE\" \"$selected_source_label\"\nelse\n    delete_plist_key \":KAKAO_CONFIG_SOURCE\"\nfi\n\nif [ -n \"$selected_source\" ]; then\n    echo \"Resolved Kakao keys from ${selected_source_label} config.\"\nelif [ -n \"$selected_source_label\" ]; then\n    echo \"Using Kakao keys already present in build settings.\"\nelse\n    echo \"warning: Kakao keys not found in worktree-local or shared-global config. Search tab will stay in degraded map fallback mode.\"\nfi\n";
			showEnvVarsInLog = 0;
		};
/* End PBXShellScriptBuildPhase section */

/* Begin PBXSourcesBuildPhase section */
		C1BAB1467DCB3F0462055A9C /* Sources */ = {
			isa = PBXSourcesBuildPhase;
			buildActionMask = 2147483647;
			files = (
				EC743E9EFFC6BB7CAD5D32B4 /* WhereKindergartenNativeHostApp.swift in Sources */,
			);
			runOnlyForDeploymentPostprocessing = 0;
		};
/* End PBXSourcesBuildPhase section */

/* Begin PBXVariantGroup section */
		7538DB491ADFAC279746DE1C /* LaunchScreen.storyboard */ = {
			isa = PBXVariantGroup;
			children = (
				9C3128356D85B9C9F84A37DA /* Base */,
			);
			name = LaunchScreen.storyboard;
			sourceTree = "<group>";
		};
/* End PBXVariantGroup section */

/* Begin XCBuildConfiguration section */
		588CD49B0CF7105DD30C625B /* Debug */ = {
			isa = XCBuildConfiguration;
			baseConfigurationReference = E49744D980789CA185FFB382 /* WhereKindergartenNative.xcconfig */;
			buildSettings = {
				ASSETCATALOG_COMPILER_APPICON_NAME = AppIcon;
				CODE_SIGN_IDENTITY = "iPhone Developer";
				IPHONEOS_DEPLOYMENT_TARGET = 17.0;
				LD_RUNPATH_SEARCH_PATHS = (
					"$(inherited)",
					"@executable_path/Frameworks",
				);
				PRODUCT_MODULE_NAME = WhereKindergartenNative;
				PRODUCT_NAME = WhereKindergartenNative;
				SDKROOT = iphoneos;
				SWIFT_EMIT_LOC_STRINGS = YES;
				TARGETED_DEVICE_FAMILY = 1;
			};
			name = Debug;
		};
		AB44C37C3829C104A79FE602 /* Release */ = {
			isa = XCBuildConfiguration;
			baseConfigurationReference = E49744D980789CA185FFB382 /* WhereKindergartenNative.xcconfig */;
			buildSettings = {
				ASSETCATALOG_COMPILER_APPICON_NAME = AppIcon;
				CODE_SIGN_IDENTITY = "iPhone Developer";
				IPHONEOS_DEPLOYMENT_TARGET = 17.0;
				LD_RUNPATH_SEARCH_PATHS = (
					"$(inherited)",
					"@executable_path/Frameworks",
				);
				PRODUCT_MODULE_NAME = WhereKindergartenNative;
				PRODUCT_NAME = WhereKindergartenNative;
				SDKROOT = iphoneos;
				SWIFT_EMIT_LOC_STRINGS = YES;
				TARGETED_DEVICE_FAMILY = 1;
			};
			name = Release;
		};
		BF8B9724303A6DB58F9C968C /* Debug */ = {
			isa = XCBuildConfiguration;
			buildSettings = {
				ALWAYS_SEARCH_USER_PATHS = NO;
				ASSETCATALOG_COMPILER_APPICON_NAME = AppIcon;
				CLANG_ANALYZER_NONNULL = YES;
				CLANG_ANALYZER_NUMBER_OBJECT_CONVERSION = YES_AGGRESSIVE;
				CLANG_CXX_LANGUAGE_STANDARD = "gnu++14";
				CLANG_CXX_LIBRARY = "libc++";
				CLANG_ENABLE_MODULES = YES;
				CLANG_ENABLE_OBJC_ARC = YES;
				CLANG_ENABLE_OBJC_WEAK = YES;
				CLANG_WARN_BLOCK_CAPTURE_AUTORELEASING = YES;
				CLANG_WARN_BOOL_CONVERSION = YES;
				CLANG_WARN_COMMA = YES;
				CLANG_WARN_CONSTANT_CONVERSION = YES;
				CLANG_WARN_DEPRECATED_OBJC_IMPLEMENTATIONS = YES;
				CLANG_WARN_DIRECT_OBJC_ISA_USAGE = YES_ERROR;
				CLANG_WARN_DOCUMENTATION_COMMENTS = YES;
				CLANG_WARN_EMPTY_BODY = YES;
				CLANG_WARN_ENUM_CONVERSION = YES;
				CLANG_WARN_INFINITE_RECURSION = YES;
				CLANG_WARN_INT_CONVERSION = YES;
				CLANG_WARN_NON_LITERAL_NULL_CONVERSION = YES;
				CLANG_WARN_OBJC_IMPLICIT_RETAIN_SELF = YES;
				CLANG_WARN_OBJC_LITERAL_CONVERSION = YES;
				CLANG_WARN_OBJC_ROOT_CLASS = YES_ERROR;
				CLANG_WARN_QUOTED_INCLUDE_IN_FRAMEWORK_HEADER = YES;
				CLANG_WARN_RANGE_LOOP_ANALYSIS = YES;
				CLANG_WARN_STRICT_PROTOTYPES = YES;
				CLANG_WARN_SUSPICIOUS_MOVE = YES;
				CLANG_WARN_UNGUARDED_AVAILABILITY = YES_AGGRESSIVE;
				CLANG_WARN_UNREACHABLE_CODE = YES;
				CLANG_WARN__DUPLICATE_METHOD_MATCH = YES;
				CODE_SIGN_ENTITLEMENTS = ../NativeApp/Config/NativeApp.entitlements;
				CODE_SIGN_STYLE = Automatic;
				COPY_PHASE_STRIP = NO;
				CURRENT_PROJECT_VERSION = 8;
				DEBUG_INFORMATION_FORMAT = dwarf;
				DEVELOPMENT_TEAM = D48DDX5D5W;
				ENABLE_STRICT_OBJC_MSGSEND = YES;
				ENABLE_TESTABILITY = YES;
				GCC_C_LANGUAGE_STANDARD = gnu11;
				GCC_DYNAMIC_NO_PIC = NO;
				GCC_NO_COMMON_BLOCKS = YES;
				GCC_OPTIMIZATION_LEVEL = 0;
				GCC_PREPROCESSOR_DEFINITIONS = (
					"$(inherited)",
					"DEBUG=1",
				);
				GCC_WARN_64_TO_32_BIT_CONVERSION = YES;
				GCC_WARN_ABOUT_RETURN_TYPE = YES_ERROR;
				GCC_WARN_UNDECLARED_SELECTOR = YES;
				GCC_WARN_UNINITIALIZED_AUTOS = YES_AGGRESSIVE;
				GCC_WARN_UNUSED_FUNCTION = YES;
				GCC_WARN_UNUSED_VARIABLE = YES;
				GENERATE_INFOPLIST_FILE = NO;
				INFOPLIST_FILE = ../NativeApp/Config/NativeAppInfo.plist;
				IPHONEOS_DEPLOYMENT_TARGET = 17.0;
				MARKETING_VERSION = 2.2.4;
				MTL_ENABLE_DEBUG_INFO = INCLUDE_SOURCE;
				MTL_FAST_MATH = YES;
				ONLY_ACTIVE_ARCH = YES;
				PRODUCT_BUNDLE_IDENTIFIER = com.solkim.kindergarden;
				PRODUCT_NAME = "$(TARGET_NAME)";
				SDKROOT = iphoneos;
				SUPPORTS_MACCATALYST = NO;
				SUPPORTS_MAC_DESIGNED_FOR_IPHONE_IPAD = NO;
				SWIFT_ACTIVE_COMPILATION_CONDITIONS = DEBUG;
				SWIFT_OPTIMIZATION_LEVEL = "-Onone";
				SWIFT_VERSION = 5.1;
				TARGETED_DEVICE_FAMILY = 1;
			};
			name = Debug;
		};
		C07EF66781EF5188EC759987 /* Release */ = {
			isa = XCBuildConfiguration;
			buildSettings = {
				ALWAYS_SEARCH_USER_PATHS = NO;
				ASSETCATALOG_COMPILER_APPICON_NAME = AppIcon;
				CLANG_ANALYZER_NONNULL = YES;
				CLANG_ANALYZER_NUMBER_OBJECT_CONVERSION = YES_AGGRESSIVE;
				CLANG_CXX_LANGUAGE_STANDARD = "gnu++14";
				CLANG_CXX_LIBRARY = "libc++";
				CLANG_ENABLE_MODULES = YES;
				CLANG_ENABLE_OBJC_ARC = YES;
				CLANG_ENABLE_OBJC_WEAK = YES;
				CLANG_WARN_BLOCK_CAPTURE_AUTORELEASING = YES;
				CLANG_WARN_BOOL_CONVERSION = YES;
				CLANG_WARN_COMMA = YES;
				CLANG_WARN_CONSTANT_CONVERSION = YES;
				CLANG_WARN_DEPRECATED_OBJC_IMPLEMENTATIONS = YES;
				CLANG_WARN_DIRECT_OBJC_ISA_USAGE = YES_ERROR;
				CLANG_WARN_DOCUMENTATION_COMMENTS = YES;
				CLANG_WARN_EMPTY_BODY = YES;
				CLANG_WARN_ENUM_CONVERSION = YES;
				CLANG_WARN_INFINITE_RECURSION = YES;
				CLANG_WARN_INT_CONVERSION = YES;
				CLANG_WARN_NON_LITERAL_NULL_CONVERSION = YES;
				CLANG_WARN_OBJC_IMPLICIT_RETAIN_SELF = YES;
				CLANG_WARN_OBJC_LITERAL_CONVERSION = YES;
				CLANG_WARN_OBJC_ROOT_CLASS = YES_ERROR;
				CLANG_WARN_QUOTED_INCLUDE_IN_FRAMEWORK_HEADER = YES;
				CLANG_WARN_RANGE_LOOP_ANALYSIS = YES;
				CLANG_WARN_STRICT_PROTOTYPES = YES;
				CLANG_WARN_SUSPICIOUS_MOVE = YES;
				CLANG_WARN_UNGUARDED_AVAILABILITY = YES_AGGRESSIVE;
				CLANG_WARN_UNREACHABLE_CODE = YES;
				CLANG_WARN__DUPLICATE_METHOD_MATCH = YES;
				CODE_SIGN_ENTITLEMENTS = ../NativeApp/Config/NativeApp.entitlements;
				CODE_SIGN_STYLE = Automatic;
				COPY_PHASE_STRIP = NO;
				CURRENT_PROJECT_VERSION = 8;
				DEBUG_INFORMATION_FORMAT = "dwarf-with-dsym";
				DEVELOPMENT_TEAM = D48DDX5D5W;
				ENABLE_NS_ASSERTIONS = NO;
				ENABLE_STRICT_OBJC_MSGSEND = YES;
				GCC_C_LANGUAGE_STANDARD = gnu11;
				GCC_NO_COMMON_BLOCKS = YES;
				GCC_WARN_64_TO_32_BIT_CONVERSION = YES;
				GCC_WARN_ABOUT_RETURN_TYPE = YES_ERROR;
				GCC_WARN_UNDECLARED_SELECTOR = YES;
				GCC_WARN_UNINITIALIZED_AUTOS = YES_AGGRESSIVE;
				GCC_WARN_UNUSED_FUNCTION = YES;
				GCC_WARN_UNUSED_VARIABLE = YES;
				GENERATE_INFOPLIST_FILE = NO;
				INFOPLIST_FILE = ../NativeApp/Config/NativeAppInfo.plist;
				IPHONEOS_DEPLOYMENT_TARGET = 17.0;
				MARKETING_VERSION = 2.2.4;
				MTL_ENABLE_DEBUG_INFO = NO;
				MTL_FAST_MATH = YES;
				PRODUCT_BUNDLE_IDENTIFIER = com.solkim.kindergarden;
				PRODUCT_NAME = "$(TARGET_NAME)";
				SDKROOT = iphoneos;
				SUPPORTS_MACCATALYST = NO;
				SUPPORTS_MAC_DESIGNED_FOR_IPHONE_IPAD = NO;
				SWIFT_COMPILATION_MODE = wholemodule;
				SWIFT_OPTIMIZATION_LEVEL = "-O";
				SWIFT_VERSION = 5.1;
				TARGETED_DEVICE_FAMILY = 1;
			};
			name = Release;
		};
/* End XCBuildConfiguration section */

/* Begin XCConfigurationList section */
		31136805B9937407D49EE09C /* Build configuration list for PBXNativeTarget "WhereKindergartenNative" */ = {
			isa = XCConfigurationList;
			buildConfigurations = (
				588CD49B0CF7105DD30C625B /* Debug */,
				AB44C37C3829C104A79FE602 /* Release */,
			);
			defaultConfigurationIsVisible = 0;
			defaultConfigurationName = Debug;
		};
		A6EE24140483066B5EDC5C36 /* Build configuration list for PBXProject "WhereKindergartenNative" */ = {
			isa = XCConfigurationList;
			buildConfigurations = (
				BF8B9724303A6DB58F9C968C /* Debug */,
				C07EF66781EF5188EC759987 /* Release */,
			);
			defaultConfigurationIsVisible = 0;
			defaultConfigurationName = Debug;
		};
/* End XCConfigurationList section */

/* Begin XCLocalSwiftPackageReference section */
		9C00BD24812F2349CF260C84 /* XCLocalSwiftPackageReference "../NativeApp" */ = {
			isa = XCLocalSwiftPackageReference;
			relativePath = ../NativeApp;
		};
/* End XCLocalSwiftPackageReference section */

/* Begin XCSwiftPackageProductDependency section */
		41EAF112B635B0F638C82AC1 /* AppShell */ = {
			isa = XCSwiftPackageProductDependency;
			productName = AppShell;
		};
/* End XCSwiftPackageProductDependency section */
	};
	rootObject = F03EF1F8EE01311ACAA16BBE /* Project object */;
}
