{
  "originHash" : "0a371feae2063c0027eea82e8987b6346b53e7688dcd00c921c7f4610206b82a",
  "pins" : [
    {
      "identity" : "kakaomapssdk-spm",
      "kind" : "remoteSourceControl",
      "location" : "https://github.com/kakao-mapsSDK/KakaoMapsSDK-SPM.git",
      "state" : {
        "branch" : "master",
        "revision" : "cc073a32729b7f545cca49f96d0b859fa3a0d5db"
      }
    }
  ],
  "version" : 3
}
